
Microsoft Visual Studio Solution File, Format Version 12.00
# Visual Studio Version 16
VisualStudioVersion = 16.0.28803.352
MinimumVisualStudioVersion = 15.0.26124.0
Project("{2150E333-8FDC-42A3-9474-1A3956D46DE8}") = "Cities-Skylines-Traffic-Manager-President-Edition", "Cities-Skylines-Traffic-Manager-President-Edition", "{183EBDB9-E9CF-485E-AD49-13C983F8F2BA}"
EndProject
Project("{2150E333-8FDC-42A3-9474-1A3956D46DE8}") = "TLM", "TLM", "{6FF65CC6-62A0-48D5-B0E5-BEBB65FED795}"
EndProject
Project("{FAE04EC0-301F-11D3-BF4B-00C04F79EFBC}") = "TMPE.CitiesGameBridge", "Cities-Skylines-Traffic-Manager-President-Edition\TLM\TMPE.CitiesGameBridge\TMPE.CitiesGameBridge.csproj", "{3F2F7926-5D51-4880-A2B7-4594A10D7E54}"
EndProject
Project("{FAE04EC0-301F-11D3-BF4B-00C04F79EFBC}") = "TMPE.GenericGameBridge", "Cities-Skylines-Traffic-Manager-President-Edition\TLM\TMPE.GenericGameBridge\TMPE.GenericGameBridge.csproj", "{663B991F-32A1-46E1-A4D3-540F8EA7F386}"
EndProject
Project("{FAE04EC0-301F-11D3-BF4B-00C04F79EFBC}") = "SpiralLoopTest", "Cities-Skylines-Traffic-Manager-President-Edition\TLM\TMPE.SpiralLoopTest\SpiralLoopTest.csproj", "{615EF202-3E13-4A15-A82F-594D90CD0ECD}"
EndProject
Project("{FAE04EC0-301F-11D3-BF4B-00C04F79EFBC}") = "TMPE.TestGameBridge", "Cities-Skylines-Traffic-Manager-President-Edition\TLM\TMPE.TestGameBridge\TMPE.TestGameBridge.csproj", "{97DBFE4D-0DB1-43B3-AA35-067C06CF125B}"
EndProject
Project("{FAE04EC0-301F-11D3-BF4B-00C04F79EFBC}") = "TMPE.UnitTest", "Cities-Skylines-Traffic-Manager-President-Edition\TLM\TMPE.UnitTest\TMPE.UnitTest.csproj", "{D0D1848A-9BAE-4121-89A0-66757D16BC73}"
EndProject
Project("{FAE04EC0-301F-11D3-BF4B-00C04F79EFBC}") = "OptionsFramework", "Cities-Skylines-Traffic-Manager-President-Edition\TLM\OptionsFramework\OptionsFramework.csproj", "{F4BEABA8-E56B-4201-99C8-5E0115E87D1C}"
EndProject
Project("{FAE04EC0-301F-11D3-BF4B-00C04F79EFBC}") = "CSUtil.Redirection", "Cities-Skylines-Traffic-Manager-President-Edition\TLM\CSUtil.Redirection\CSUtil.Redirection.csproj", "{7DCC08EF-DC85-47A4-BD6F-79FC52C7EF13}"
EndProject
Project("{FAE04EC0-301F-11D3-BF4B-00C04F79EFBC}") = "CSUtil.Commons", "Cities-Skylines-Traffic-Manager-President-Edition\TLM\CSUtil.Commons\CSUtil.Commons.csproj", "{D3ADE06E-F493-4819-865A-3BB44FEEDF01}"
EndProject
Project("{2150E333-8FDC-42A3-9474-1A3956D46DE8}") = "CSUtil.CameraControl", "CSUtil.CameraControl", "{F92D0E9C-5F19-4356-940A-83AC77925C47}"
EndProject
Project("{2150E333-8FDC-42A3-9474-1A3956D46DE8}") = "CSUtil.CameraControl", "CSUtil.CameraControl", "{53A3CEAB-068E-45C2-AC43-ACBFD99AC92E}"
EndProject
Project("{FAE04EC0-301F-11D3-BF4B-00C04F79EFBC}") = "CSUtil.CameraControl", "Cities-Skylines-Traffic-Manager-President-Edition\TLM\CSUtil.CameraControl\CSUtil.CameraControl\CSUtil.CameraControl\CSUtil.CameraControl.csproj", "{F8759084-DF5B-4A54-B73C-824640A8FA3F}"
EndProject
Project("{FAE04EC0-301F-11D3-BF4B-00C04F79EFBC}") = "TLM", "Cities-Skylines-Traffic-Manager-President-Edition\TLM\TLM\TLM.csproj", "{7422AE58-8B0A-401C-9404-F4A438EFFE10}"
EndProject
Project("{FAE04EC0-301F-11D3-BF4B-00C04F79EFBC}") = "TMPE", "Cities-Skylines-Traffic-Manager-President-Edition\TLM\TLM\TMPE.csproj", "{79A11577-63EE-4EDB-BE45-A55ED912E089}"
EndProject
Project("{2150E333-8FDC-42A3-9474-1A3956D46DE8}") = "Solution Items", "Solution Items", "{0644D038-EEDF-4AC0-9004-217FAB5D4606}"
	ProjectSection(SolutionItems) = preProject
		LICENSE = LICENSE
		README.md = README.md
	EndProjectSection
EndProject
Project("{FAE04EC0-301F-11D3-BF4B-00C04F79EFBC}") = "RoundaboutBuilder", "Cities-Skylines-AutomaticRoundaboutBuilder\RoundaboutBuilder\RoundaboutBuilder.csproj", "{FA19FC4E-5FCB-4CF2-96F9-E09B5B9C9A50}"
EndProject
Project("{2150E333-8FDC-42A3-9474-1A3956D46DE8}") = "Cities-Skylines-AutomaticRoundaboutBuilder", "Cities-Skylines-AutomaticRoundaboutBuilder", "{05ECEEF3-E66E-4926-8387-7B3355C74C92}"
EndProject
Project("{FAE04EC0-301F-11D3-BF4B-00C04F79EFBC}") = "FineRoadTool", "Cities-Skylines-FineRoadTool\FineRoadTool\FineRoadTool.csproj", "{C323E306-D11E-48A7-9620-121E4ADC4765}"
EndProject
Project("{2150E333-8FDC-42A3-9474-1A3956D46DE8}") = "Cities-Skylines-Fine Road Tool", "Cities-Skylines-Fine Road Tool", "{A4CF949F-0740-41FE-B7B7-212B1B4270A1}"
EndProject
Project("{FAE04EC0-301F-11D3-BF4B-00C04F79EFBC}") = "MetroOverhaulMod", "Cities-Skylines-MetroOverhaulMod\MetroOverhaulMod.csproj", "{A42C9F60-7A15-48B1-86CB-CF5EEAA72D98}"
EndProject
Project("{2150E333-8FDC-42A3-9474-1A3956D46DE8}") = "Cities-Skylines-MetroOverhaulMod", "Cities-Skylines-MetroOverhaulMod", "{5482B57C-D14A-4ED5-9F4E-441AFEF5AF33}"
EndProject
Global
	GlobalSection(SolutionConfigurationPlatforms) = preSolution
		Debug|Any CPU = Debug|Any CPU
		Debug|x64 = Debug|x64
		Debug|x86 = Debug|x86
		QueuedStats|Any CPU = QueuedStats|Any CPU
		QueuedStats|x64 = QueuedStats|x64
		QueuedStats|x86 = QueuedStats|x86
		Release|Any CPU = Release|Any CPU
		Release|x64 = Release|x64
		Release|x86 = Release|x86
	EndGlobalSection
	GlobalSection(ProjectConfigurationPlatforms) = postSolution
		{3F2F7926-5D51-4880-A2B7-4594A10D7E54}.Debug|Any CPU.ActiveCfg = Debug|Any CPU
		{3F2F7926-5D51-4880-A2B7-4594A10D7E54}.Debug|Any CPU.Build.0 = Debug|Any CPU
		{3F2F7926-5D51-4880-A2B7-4594A10D7E54}.Debug|x64.ActiveCfg = Debug|Any CPU
		{3F2F7926-5D51-4880-A2B7-4594A10D7E54}.Debug|x64.Build.0 = Debug|Any CPU
		{3F2F7926-5D51-4880-A2B7-4594A10D7E54}.Debug|x86.ActiveCfg = Debug|Any CPU
		{3F2F7926-5D51-4880-A2B7-4594A10D7E54}.Debug|x86.Build.0 = Debug|Any CPU
		{3F2F7926-5D51-4880-A2B7-4594A10D7E54}.QueuedStats|Any CPU.ActiveCfg = PF2_Debug|Any CPU
		{3F2F7926-5D51-4880-A2B7-4594A10D7E54}.QueuedStats|Any CPU.Build.0 = PF2_Debug|Any CPU
		{3F2F7926-5D51-4880-A2B7-4594A10D7E54}.QueuedStats|x64.ActiveCfg = PF2_Debug|Any CPU
		{3F2F7926-5D51-4880-A2B7-4594A10D7E54}.QueuedStats|x64.Build.0 = PF2_Debug|Any CPU
		{3F2F7926-5D51-4880-A2B7-4594A10D7E54}.QueuedStats|x86.ActiveCfg = PF2_Debug|Any CPU
		{3F2F7926-5D51-4880-A2B7-4594A10D7E54}.QueuedStats|x86.Build.0 = PF2_Debug|Any CPU
		{3F2F7926-5D51-4880-A2B7-4594A10D7E54}.Release|Any CPU.ActiveCfg = Debug|Any CPU
		{3F2F7926-5D51-4880-A2B7-4594A10D7E54}.Release|Any CPU.Build.0 = Debug|Any CPU
		{3F2F7926-5D51-4880-A2B7-4594A10D7E54}.Release|x64.ActiveCfg = Debug|Any CPU
		{3F2F7926-5D51-4880-A2B7-4594A10D7E54}.Release|x64.Build.0 = Debug|Any CPU
		{3F2F7926-5D51-4880-A2B7-4594A10D7E54}.Release|x86.ActiveCfg = Debug|Any CPU
		{3F2F7926-5D51-4880-A2B7-4594A10D7E54}.Release|x86.Build.0 = Debug|Any CPU
		{663B991F-32A1-46E1-A4D3-540F8EA7F386}.Debug|Any CPU.ActiveCfg = Debug|Any CPU
		{663B991F-32A1-46E1-A4D3-540F8EA7F386}.Debug|Any CPU.Build.0 = Debug|Any CPU
		{663B991F-32A1-46E1-A4D3-540F8EA7F386}.Debug|x64.ActiveCfg = Debug|Any CPU
		{663B991F-32A1-46E1-A4D3-540F8EA7F386}.Debug|x64.Build.0 = Debug|Any CPU
		{663B991F-32A1-46E1-A4D3-540F8EA7F386}.Debug|x86.ActiveCfg = Debug|Any CPU
		{663B991F-32A1-46E1-A4D3-540F8EA7F386}.Debug|x86.Build.0 = Debug|Any CPU
		{663B991F-32A1-46E1-A4D3-540F8EA7F386}.QueuedStats|Any CPU.ActiveCfg = PF2_Debug|Any CPU
		{663B991F-32A1-46E1-A4D3-540F8EA7F386}.QueuedStats|Any CPU.Build.0 = PF2_Debug|Any CPU
		{663B991F-32A1-46E1-A4D3-540F8EA7F386}.QueuedStats|x64.ActiveCfg = PF2_Debug|Any CPU
		{663B991F-32A1-46E1-A4D3-540F8EA7F386}.QueuedStats|x64.Build.0 = PF2_Debug|Any CPU
		{663B991F-32A1-46E1-A4D3-540F8EA7F386}.QueuedStats|x86.ActiveCfg = PF2_Debug|Any CPU
		{663B991F-32A1-46E1-A4D3-540F8EA7F386}.QueuedStats|x86.Build.0 = PF2_Debug|Any CPU
		{663B991F-32A1-46E1-A4D3-540F8EA7F386}.Release|Any CPU.ActiveCfg = Debug|Any CPU
		{663B991F-32A1-46E1-A4D3-540F8EA7F386}.Release|Any CPU.Build.0 = Debug|Any CPU
		{663B991F-32A1-46E1-A4D3-540F8EA7F386}.Release|x64.ActiveCfg = Debug|Any CPU
		{663B991F-32A1-46E1-A4D3-540F8EA7F386}.Release|x64.Build.0 = Debug|Any CPU
		{663B991F-32A1-46E1-A4D3-540F8EA7F386}.Release|x86.ActiveCfg = Debug|Any CPU
		{663B991F-32A1-46E1-A4D3-540F8EA7F386}.Release|x86.Build.0 = Debug|Any CPU
		{615EF202-3E13-4A15-A82F-594D90CD0ECD}.Debug|Any CPU.ActiveCfg = Debug|Any CPU
		{615EF202-3E13-4A15-A82F-594D90CD0ECD}.Debug|Any CPU.Build.0 = Debug|Any CPU
		{615EF202-3E13-4A15-A82F-594D90CD0ECD}.Debug|x64.ActiveCfg = Debug|Any CPU
		{615EF202-3E13-4A15-A82F-594D90CD0ECD}.Debug|x64.Build.0 = Debug|Any CPU
		{615EF202-3E13-4A15-A82F-594D90CD0ECD}.Debug|x86.ActiveCfg = Debug|Any CPU
		{615EF202-3E13-4A15-A82F-594D90CD0ECD}.Debug|x86.Build.0 = Debug|Any CPU
		{615EF202-3E13-4A15-A82F-594D90CD0ECD}.QueuedStats|Any CPU.ActiveCfg = QueuedStats|Any CPU
		{615EF202-3E13-4A15-A82F-594D90CD0ECD}.QueuedStats|Any CPU.Build.0 = QueuedStats|Any CPU
		{615EF202-3E13-4A15-A82F-594D90CD0ECD}.QueuedStats|x64.ActiveCfg = QueuedStats|Any CPU
		{615EF202-3E13-4A15-A82F-594D90CD0ECD}.QueuedStats|x64.Build.0 = QueuedStats|Any CPU
		{615EF202-3E13-4A15-A82F-594D90CD0ECD}.QueuedStats|x86.ActiveCfg = QueuedStats|Any CPU
		{615EF202-3E13-4A15-A82F-594D90CD0ECD}.QueuedStats|x86.Build.0 = QueuedStats|Any CPU
		{615EF202-3E13-4A15-A82F-594D90CD0ECD}.Release|Any CPU.ActiveCfg = Debug|Any CPU
		{615EF202-3E13-4A15-A82F-594D90CD0ECD}.Release|Any CPU.Build.0 = Debug|Any CPU
		{615EF202-3E13-4A15-A82F-594D90CD0ECD}.Release|x64.ActiveCfg = Debug|Any CPU
		{615EF202-3E13-4A15-A82F-594D90CD0ECD}.Release|x64.Build.0 = Debug|Any CPU
		{615EF202-3E13-4A15-A82F-594D90CD0ECD}.Release|x86.ActiveCfg = Debug|Any CPU
		{615EF202-3E13-4A15-A82F-594D90CD0ECD}.Release|x86.Build.0 = Debug|Any CPU
		{97DBFE4D-0DB1-43B3-AA35-067C06CF125B}.Debug|Any CPU.ActiveCfg = Debug|Any CPU
		{97DBFE4D-0DB1-43B3-AA35-067C06CF125B}.Debug|Any CPU.Build.0 = Debug|Any CPU
		{97DBFE4D-0DB1-43B3-AA35-067C06CF125B}.Debug|x64.ActiveCfg = Debug|Any CPU
		{97DBFE4D-0DB1-43B3-AA35-067C06CF125B}.Debug|x64.Build.0 = Debug|Any CPU
		{97DBFE4D-0DB1-43B3-AA35-067C06CF125B}.Debug|x86.ActiveCfg = Debug|Any CPU
		{97DBFE4D-0DB1-43B3-AA35-067C06CF125B}.Debug|x86.Build.0 = Debug|Any CPU
		{97DBFE4D-0DB1-43B3-AA35-067C06CF125B}.QueuedStats|Any CPU.ActiveCfg = PF2_Debug|Any CPU
		{97DBFE4D-0DB1-43B3-AA35-067C06CF125B}.QueuedStats|Any CPU.Build.0 = PF2_Debug|Any CPU
		{97DBFE4D-0DB1-43B3-AA35-067C06CF125B}.QueuedStats|x64.ActiveCfg = PF2_Debug|Any CPU
		{97DBFE4D-0DB1-43B3-AA35-067C06CF125B}.QueuedStats|x64.Build.0 = PF2_Debug|Any CPU
		{97DBFE4D-0DB1-43B3-AA35-067C06CF125B}.QueuedStats|x86.ActiveCfg = PF2_Debug|Any CPU
		{97DBFE4D-0DB1-43B3-AA35-067C06CF125B}.QueuedStats|x86.Build.0 = PF2_Debug|Any CPU
		{97DBFE4D-0DB1-43B3-AA35-067C06CF125B}.Release|Any CPU.ActiveCfg = Debug|Any CPU
		{97DBFE4D-0DB1-43B3-AA35-067C06CF125B}.Release|Any CPU.Build.0 = Debug|Any CPU
		{97DBFE4D-0DB1-43B3-AA35-067C06CF125B}.Release|x64.ActiveCfg = Debug|Any CPU
		{97DBFE4D-0DB1-43B3-AA35-067C06CF125B}.Release|x64.Build.0 = Debug|Any CPU
		{97DBFE4D-0DB1-43B3-AA35-067C06CF125B}.Release|x86.ActiveCfg = Debug|Any CPU
		{97DBFE4D-0DB1-43B3-AA35-067C06CF125B}.Release|x86.Build.0 = Debug|Any CPU
		{D0D1848A-9BAE-4121-89A0-66757D16BC73}.Debug|Any CPU.ActiveCfg = Debug|Any CPU
		{D0D1848A-9BAE-4121-89A0-66757D16BC73}.Debug|Any CPU.Build.0 = Debug|Any CPU
		{D0D1848A-9BAE-4121-89A0-66757D16BC73}.Debug|x64.ActiveCfg = Debug|Any CPU
		{D0D1848A-9BAE-4121-89A0-66757D16BC73}.Debug|x64.Build.0 = Debug|Any CPU
		{D0D1848A-9BAE-4121-89A0-66757D16BC73}.Debug|x86.ActiveCfg = Debug|Any CPU
		{D0D1848A-9BAE-4121-89A0-66757D16BC73}.Debug|x86.Build.0 = Debug|Any CPU
		{D0D1848A-9BAE-4121-89A0-66757D16BC73}.QueuedStats|Any CPU.ActiveCfg = PF2_Debug|Any CPU
		{D0D1848A-9BAE-4121-89A0-66757D16BC73}.QueuedStats|Any CPU.Build.0 = PF2_Debug|Any CPU
		{D0D1848A-9BAE-4121-89A0-66757D16BC73}.QueuedStats|x64.ActiveCfg = PF2_Debug|Any CPU
		{D0D1848A-9BAE-4121-89A0-66757D16BC73}.QueuedStats|x64.Build.0 = PF2_Debug|Any CPU
		{D0D1848A-9BAE-4121-89A0-66757D16BC73}.QueuedStats|x86.ActiveCfg = PF2_Debug|Any CPU
		{D0D1848A-9BAE-4121-89A0-66757D16BC73}.QueuedStats|x86.Build.0 = PF2_Debug|Any CPU
		{D0D1848A-9BAE-4121-89A0-66757D16BC73}.Release|Any CPU.ActiveCfg = Debug|Any CPU
		{D0D1848A-9BAE-4121-89A0-66757D16BC73}.Release|Any CPU.Build.0 = Debug|Any CPU
		{D0D1848A-9BAE-4121-89A0-66757D16BC73}.Release|x64.ActiveCfg = Debug|Any CPU
		{D0D1848A-9BAE-4121-89A0-66757D16BC73}.Release|x64.Build.0 = Debug|Any CPU
		{D0D1848A-9BAE-4121-89A0-66757D16BC73}.Release|x86.ActiveCfg = Debug|Any CPU
		{D0D1848A-9BAE-4121-89A0-66757D16BC73}.Release|x86.Build.0 = Debug|Any CPU
		{F4BEABA8-E56B-4201-99C8-5E0115E87D1C}.Debug|Any CPU.ActiveCfg = Debug|Any CPU
		{F4BEABA8-E56B-4201-99C8-5E0115E87D1C}.Debug|Any CPU.Build.0 = Debug|Any CPU
		{F4BEABA8-E56B-4201-99C8-5E0115E87D1C}.Debug|x64.ActiveCfg = Debug|Any CPU
		{F4BEABA8-E56B-4201-99C8-5E0115E87D1C}.Debug|x64.Build.0 = Debug|Any CPU
		{F4BEABA8-E56B-4201-99C8-5E0115E87D1C}.Debug|x86.ActiveCfg = Debug|Any CPU
		{F4BEABA8-E56B-4201-99C8-5E0115E87D1C}.Debug|x86.Build.0 = Debug|Any CPU
		{F4BEABA8-E56B-4201-99C8-5E0115E87D1C}.QueuedStats|Any CPU.ActiveCfg = PF2_Debug|Any CPU
		{F4BEABA8-E56B-4201-99C8-5E0115E87D1C}.QueuedStats|Any CPU.Build.0 = PF2_Debug|Any CPU
		{F4BEABA8-E56B-4201-99C8-5E0115E87D1C}.QueuedStats|x64.ActiveCfg = PF2_Debug|Any CPU
		{F4BEABA8-E56B-4201-99C8-5E0115E87D1C}.QueuedStats|x64.Build.0 = PF2_Debug|Any CPU
		{F4BEABA8-E56B-4201-99C8-5E0115E87D1C}.QueuedStats|x86.ActiveCfg = PF2_Debug|Any CPU
		{F4BEABA8-E56B-4201-99C8-5E0115E87D1C}.QueuedStats|x86.Build.0 = PF2_Debug|Any CPU
		{F4BEABA8-E56B-4201-99C8-5E0115E87D1C}.Release|Any CPU.ActiveCfg = Debug|Any CPU
		{F4BEABA8-E56B-4201-99C8-5E0115E87D1C}.Release|Any CPU.Build.0 = Debug|Any CPU
		{F4BEABA8-E56B-4201-99C8-5E0115E87D1C}.Release|x64.ActiveCfg = Debug|Any CPU
		{F4BEABA8-E56B-4201-99C8-5E0115E87D1C}.Release|x64.Build.0 = Debug|Any CPU
		{F4BEABA8-E56B-4201-99C8-5E0115E87D1C}.Release|x86.ActiveCfg = Debug|Any CPU
		{F4BEABA8-E56B-4201-99C8-5E0115E87D1C}.Release|x86.Build.0 = Debug|Any CPU
		{7DCC08EF-DC85-47A4-BD6F-79FC52C7EF13}.Debug|Any CPU.ActiveCfg = Debug|Any CPU
		{7DCC08EF-DC85-47A4-BD6F-79FC52C7EF13}.Debug|Any CPU.Build.0 = Debug|Any CPU
		{7DCC08EF-DC85-47A4-BD6F-79FC52C7EF13}.Debug|x64.ActiveCfg = Debug|Any CPU
		{7DCC08EF-DC85-47A4-BD6F-79FC52C7EF13}.Debug|x64.Build.0 = Debug|Any CPU
		{7DCC08EF-DC85-47A4-BD6F-79FC52C7EF13}.Debug|x86.ActiveCfg = Debug|Any CPU
		{7DCC08EF-DC85-47A4-BD6F-79FC52C7EF13}.Debug|x86.Build.0 = Debug|Any CPU
		{7DCC08EF-DC85-47A4-BD6F-79FC52C7EF13}.QueuedStats|Any CPU.ActiveCfg = Benchmark|Any CPU
		{7DCC08EF-DC85-47A4-BD6F-79FC52C7EF13}.QueuedStats|Any CPU.Build.0 = Benchmark|Any CPU
		{7DCC08EF-DC85-47A4-BD6F-79FC52C7EF13}.QueuedStats|x64.ActiveCfg = Benchmark|Any CPU
		{7DCC08EF-DC85-47A4-BD6F-79FC52C7EF13}.QueuedStats|x64.Build.0 = Benchmark|Any CPU
		{7DCC08EF-DC85-47A4-BD6F-79FC52C7EF13}.QueuedStats|x86.ActiveCfg = Benchmark|Any CPU
		{7DCC08EF-DC85-47A4-BD6F-79FC52C7EF13}.QueuedStats|x86.Build.0 = Benchmark|Any CPU
		{7DCC08EF-DC85-47A4-BD6F-79FC52C7EF13}.Release|Any CPU.ActiveCfg = Debug|Any CPU
		{7DCC08EF-DC85-47A4-BD6F-79FC52C7EF13}.Release|Any CPU.Build.0 = Debug|Any CPU
		{7DCC08EF-DC85-47A4-BD6F-79FC52C7EF13}.Release|x64.ActiveCfg = Debug|Any CPU
		{7DCC08EF-DC85-47A4-BD6F-79FC52C7EF13}.Release|x64.Build.0 = Debug|Any CPU
		{7DCC08EF-DC85-47A4-BD6F-79FC52C7EF13}.Release|x86.ActiveCfg = Debug|Any CPU
		{7DCC08EF-DC85-47A4-BD6F-79FC52C7EF13}.Release|x86.Build.0 = Debug|Any CPU
		{D3ADE06E-F493-4819-865A-3BB44FEEDF01}.Debug|Any CPU.ActiveCfg = Debug|Any CPU
		{D3ADE06E-F493-4819-865A-3BB44FEEDF01}.Debug|Any CPU.Build.0 = Debug|Any CPU
		{D3ADE06E-F493-4819-865A-3BB44FEEDF01}.Debug|x64.ActiveCfg = Debug|Any CPU
		{D3ADE06E-F493-4819-865A-3BB44FEEDF01}.Debug|x64.Build.0 = Debug|Any CPU
		{D3ADE06E-F493-4819-865A-3BB44FEEDF01}.Debug|x86.ActiveCfg = Debug|Any CPU
		{D3ADE06E-F493-4819-865A-3BB44FEEDF01}.Debug|x86.Build.0 = Debug|Any CPU
		{D3ADE06E-F493-4819-865A-3BB44FEEDF01}.QueuedStats|Any CPU.ActiveCfg = PF2_Debug|Any CPU
		{D3ADE06E-F493-4819-865A-3BB44FEEDF01}.QueuedStats|Any CPU.Build.0 = PF2_Debug|Any CPU
		{D3ADE06E-F493-4819-865A-3BB44FEEDF01}.QueuedStats|x64.ActiveCfg = PF2_Debug|Any CPU
		{D3ADE06E-F493-4819-865A-3BB44FEEDF01}.QueuedStats|x64.Build.0 = PF2_Debug|Any CPU
		{D3ADE06E-F493-4819-865A-3BB44FEEDF01}.QueuedStats|x86.ActiveCfg = PF2_Debug|Any CPU
		{D3ADE06E-F493-4819-865A-3BB44FEEDF01}.QueuedStats|x86.Build.0 = PF2_Debug|Any CPU
		{D3ADE06E-F493-4819-865A-3BB44FEEDF01}.Release|Any CPU.ActiveCfg = Debug|Any CPU
		{D3ADE06E-F493-4819-865A-3BB44FEEDF01}.Release|Any CPU.Build.0 = Debug|Any CPU
		{D3ADE06E-F493-4819-865A-3BB44FEEDF01}.Release|x64.ActiveCfg = Debug|Any CPU
		{D3ADE06E-F493-4819-865A-3BB44FEEDF01}.Release|x64.Build.0 = Debug|Any CPU
		{D3ADE06E-F493-4819-865A-3BB44FEEDF01}.Release|x86.ActiveCfg = Debug|Any CPU
		{D3ADE06E-F493-4819-865A-3BB44FEEDF01}.Release|x86.Build.0 = Debug|Any CPU
		{F8759084-DF5B-4A54-B73C-824640A8FA3F}.Debug|Any CPU.ActiveCfg = Debug|Any CPU
		{F8759084-DF5B-4A54-B73C-824640A8FA3F}.Debug|Any CPU.Build.0 = Debug|Any CPU
		{F8759084-DF5B-4A54-B73C-824640A8FA3F}.Debug|x64.ActiveCfg = Debug|Any CPU
		{F8759084-DF5B-4A54-B73C-824640A8FA3F}.Debug|x64.Build.0 = Debug|Any CPU
		{F8759084-DF5B-4A54-B73C-824640A8FA3F}.Debug|x86.ActiveCfg = Debug|Any CPU
		{F8759084-DF5B-4A54-B73C-824640A8FA3F}.Debug|x86.Build.0 = Debug|Any CPU
		{F8759084-DF5B-4A54-B73C-824640A8FA3F}.QueuedStats|Any CPU.ActiveCfg = PF2_Debug|Any CPU
		{F8759084-DF5B-4A54-B73C-824640A8FA3F}.QueuedStats|Any CPU.Build.0 = PF2_Debug|Any CPU
		{F8759084-DF5B-4A54-B73C-824640A8FA3F}.QueuedStats|x64.ActiveCfg = PF2_Debug|Any CPU
		{F8759084-DF5B-4A54-B73C-824640A8FA3F}.QueuedStats|x64.Build.0 = PF2_Debug|Any CPU
		{F8759084-DF5B-4A54-B73C-824640A8FA3F}.QueuedStats|x86.ActiveCfg = PF2_Debug|Any CPU
		{F8759084-DF5B-4A54-B73C-824640A8FA3F}.QueuedStats|x86.Build.0 = PF2_Debug|Any CPU
		{F8759084-DF5B-4A54-B73C-824640A8FA3F}.Release|Any CPU.ActiveCfg = Debug|Any CPU
		{F8759084-DF5B-4A54-B73C-824640A8FA3F}.Release|Any CPU.Build.0 = Debug|Any CPU
		{F8759084-DF5B-4A54-B73C-824640A8FA3F}.Release|x64.ActiveCfg = Debug|Any CPU
		{F8759084-DF5B-4A54-B73C-824640A8FA3F}.Release|x64.Build.0 = Debug|Any CPU
		{F8759084-DF5B-4A54-B73C-824640A8FA3F}.Release|x86.ActiveCfg = Debug|Any CPU
		{F8759084-DF5B-4A54-B73C-824640A8FA3F}.Release|x86.Build.0 = Debug|Any CPU
		{7422AE58-8B0A-401C-9404-F4A438EFFE10}.Debug|Any CPU.ActiveCfg = Debug|Any CPU
		{7422AE58-8B0A-401C-9404-F4A438EFFE10}.Debug|Any CPU.Build.0 = Debug|Any CPU
		{7422AE58-8B0A-401C-9404-F4A438EFFE10}.Debug|x64.ActiveCfg = Debug|Any CPU
		{7422AE58-8B0A-401C-9404-F4A438EFFE10}.Debug|x64.Build.0 = Debug|Any CPU
		{7422AE58-8B0A-401C-9404-F4A438EFFE10}.Debug|x86.ActiveCfg = Debug|Any CPU
		{7422AE58-8B0A-401C-9404-F4A438EFFE10}.Debug|x86.Build.0 = Debug|Any CPU
		{7422AE58-8B0A-401C-9404-F4A438EFFE10}.QueuedStats|Any CPU.ActiveCfg = Release LABS|Any CPU
		{7422AE58-8B0A-401C-9404-F4A438EFFE10}.QueuedStats|Any CPU.Build.0 = Release LABS|Any CPU
		{7422AE58-8B0A-401C-9404-F4A438EFFE10}.QueuedStats|x64.ActiveCfg = Release LABS|Any CPU
		{7422AE58-8B0A-401C-9404-F4A438EFFE10}.QueuedStats|x64.Build.0 = Release LABS|Any CPU
		{7422AE58-8B0A-401C-9404-F4A438EFFE10}.QueuedStats|x86.ActiveCfg = Release LABS|Any CPU
		{7422AE58-8B0A-401C-9404-F4A438EFFE10}.QueuedStats|x86.Build.0 = Release LABS|Any CPU
		{7422AE58-8B0A-401C-9404-F4A438EFFE10}.Release|Any CPU.ActiveCfg = Debug|Any CPU
		{7422AE58-8B0A-401C-9404-F4A438EFFE10}.Release|Any CPU.Build.0 = Debug|Any CPU
		{7422AE58-8B0A-401C-9404-F4A438EFFE10}.Release|x64.ActiveCfg = Debug|Any CPU
		{7422AE58-8B0A-401C-9404-F4A438EFFE10}.Release|x64.Build.0 = Debug|Any CPU
		{7422AE58-8B0A-401C-9404-F4A438EFFE10}.Release|x86.ActiveCfg = Debug|Any CPU
		{7422AE58-8B0A-401C-9404-F4A438EFFE10}.Release|x86.Build.0 = Debug|Any CPU
		{79A11577-63EE-4EDB-BE45-A55ED912E089}.Debug|Any CPU.ActiveCfg = Debug|Any CPU
		{79A11577-63EE-4EDB-BE45-A55ED912E089}.Debug|Any CPU.Build.0 = Debug|Any CPU
		{79A11577-63EE-4EDB-BE45-A55ED912E089}.Debug|x64.ActiveCfg = Debug|Any CPU
		{79A11577-63EE-4EDB-BE45-A55ED912E089}.Debug|x64.Build.0 = Debug|Any CPU
		{79A11577-63EE-4EDB-BE45-A55ED912E089}.Debug|x86.ActiveCfg = Debug|Any CPU
		{79A11577-63EE-4EDB-BE45-A55ED912E089}.Debug|x86.Build.0 = Debug|Any CPU
		{79A11577-63EE-4EDB-BE45-A55ED912E089}.QueuedStats|Any CPU.ActiveCfg = QueuedStats|Any CPU
		{79A11577-63EE-4EDB-BE45-A55ED912E089}.QueuedStats|Any CPU.Build.0 = QueuedStats|Any CPU
		{79A11577-63EE-4EDB-BE45-A55ED912E089}.QueuedStats|x64.ActiveCfg = QueuedStats|Any CPU
		{79A11577-63EE-4EDB-BE45-A55ED912E089}.QueuedStats|x64.Build.0 = QueuedStats|Any CPU
		{79A11577-63EE-4EDB-BE45-A55ED912E089}.QueuedStats|x86.ActiveCfg = QueuedStats|Any CPU
		{79A11577-63EE-4EDB-BE45-A55ED912E089}.QueuedStats|x86.Build.0 = QueuedStats|Any CPU
		{79A11577-63EE-4EDB-BE45-A55ED912E089}.Release|Any CPU.ActiveCfg = Release|Any CPU
		{79A11577-63EE-4EDB-BE45-A55ED912E089}.Release|Any CPU.Build.0 = Release|Any CPU
		{79A11577-63EE-4EDB-BE45-A55ED912E089}.Release|x64.ActiveCfg = Release|Any CPU
		{79A11577-63EE-4EDB-BE45-A55ED912E089}.Release|x64.Build.0 = Release|Any CPU
		{79A11577-63EE-4EDB-BE45-A55ED912E089}.Release|x86.ActiveCfg = Release|Any CPU
		{79A11577-63EE-4EDB-BE45-A55ED912E089}.Release|x86.Build.0 = Release|Any CPU
		{FA19FC4E-5FCB-4CF2-96F9-E09B5B9C9A50}.Debug|Any CPU.ActiveCfg = Debug|Any CPU
		{FA19FC4E-5FCB-4CF2-96F9-E09B5B9C9A50}.Debug|Any CPU.Build.0 = Debug|Any CPU
		{FA19FC4E-5FCB-4CF2-96F9-E09B5B9C9A50}.Debug|x64.ActiveCfg = Debug|Any CPU
		{FA19FC4E-5FCB-4CF2-96F9-E09B5B9C9A50}.Debug|x64.Build.0 = Debug|Any CPU
		{FA19FC4E-5FCB-4CF2-96F9-E09B5B9C9A50}.Debug|x86.ActiveCfg = Debug|Any CPU
		{FA19FC4E-5FCB-4CF2-96F9-E09B5B9C9A50}.Debug|x86.Build.0 = Debug|Any CPU
		{FA19FC4E-5FCB-4CF2-96F9-E09B5B9C9A50}.QueuedStats|Any CPU.ActiveCfg = Release|Any CPU
		{FA19FC4E-5FCB-4CF2-96F9-E09B5B9C9A50}.QueuedStats|Any CPU.Build.0 = Release|Any CPU
		{FA19FC4E-5FCB-4CF2-96F9-E09B5B9C9A50}.QueuedStats|x64.ActiveCfg = Release|Any CPU
		{FA19FC4E-5FCB-4CF2-96F9-E09B5B9C9A50}.QueuedStats|x64.Build.0 = Release|Any CPU
		{FA19FC4E-5FCB-4CF2-96F9-E09B5B9C9A50}.QueuedStats|x86.ActiveCfg = Release|Any CPU
		{FA19FC4E-5FCB-4CF2-96F9-E09B5B9C9A50}.QueuedStats|x86.Build.0 = Release|Any CPU
		{FA19FC4E-5FCB-4CF2-96F9-E09B5B9C9A50}.Release|Any CPU.ActiveCfg = Release|Any CPU
		{FA19FC4E-5FCB-4CF2-96F9-E09B5B9C9A50}.Release|Any CPU.Build.0 = Release|Any CPU
		{FA19FC4E-5FCB-4CF2-96F9-E09B5B9C9A50}.Release|x64.ActiveCfg = Release|Any CPU
		{FA19FC4E-5FCB-4CF2-96F9-E09B5B9C9A50}.Release|x64.Build.0 = Release|Any CPU
		{FA19FC4E-5FCB-4CF2-96F9-E09B5B9C9A50}.Release|x86.ActiveCfg = Release|Any CPU
		{FA19FC4E-5FCB-4CF2-96F9-E09B5B9C9A50}.Release|x86.Build.0 = Release|Any CPU
		{C323E306-D11E-48A7-9620-121E4ADC4765}.Debug|Any CPU.ActiveCfg = Debug|Any CPU
		{C323E306-D11E-48A7-9620-121E4ADC4765}.Debug|Any CPU.Build.0 = Debug|Any CPU
		{C323E306-D11E-48A7-9620-121E4ADC4765}.Debug|x64.ActiveCfg = Debug|Any CPU
		{C323E306-D11E-48A7-9620-121E4ADC4765}.Debug|x64.Build.0 = Debug|Any CPU
		{C323E306-D11E-48A7-9620-121E4ADC4765}.Debug|x86.ActiveCfg = Debug|Any CPU
		{C323E306-D11E-48A7-9620-121E4ADC4765}.Debug|x86.Build.0 = Debug|Any CPU
		{C323E306-D11E-48A7-9620-121E4ADC4765}.QueuedStats|Any CPU.ActiveCfg = Release|Any CPU
		{C323E306-D11E-48A7-9620-121E4ADC4765}.QueuedStats|Any CPU.Build.0 = Release|Any CPU
		{C323E306-D11E-48A7-9620-121E4ADC4765}.QueuedStats|x64.ActiveCfg = Release|Any CPU
		{C323E306-D11E-48A7-9620-121E4ADC4765}.QueuedStats|x64.Build.0 = Release|Any CPU
		{C323E306-D11E-48A7-9620-121E4ADC4765}.QueuedStats|x86.ActiveCfg = Release|Any CPU
		{C323E306-D11E-48A7-9620-121E4ADC4765}.QueuedStats|x86.Build.0 = Release|Any CPU
		{C323E306-D11E-48A7-9620-121E4ADC4765}.Release|Any CPU.ActiveCfg = Release|Any CPU
		{C323E306-D11E-48A7-9620-121E4ADC4765}.Release|Any CPU.Build.0 = Release|Any CPU
		{C323E306-D11E-48A7-9620-121E4ADC4765}.Release|x64.ActiveCfg = Release|Any CPU
		{C323E306-D11E-48A7-9620-121E4ADC4765}.Release|x64.Build.0 = Release|Any CPU
		{C323E306-D11E-48A7-9620-121E4ADC4765}.Release|x86.ActiveCfg = Release|Any CPU
		{C323E306-D11E-48A7-9620-121E4ADC4765}.Release|x86.Build.0 = Release|Any CPU
		{A42C9F60-7A15-48B1-86CB-CF5EEAA72D98}.Debug|Any CPU.ActiveCfg = Debug|Any CPU
		{A42C9F60-7A15-48B1-86CB-CF5EEAA72D98}.Debug|Any CPU.Build.0 = Debug|Any CPU
		{A42C9F60-7A15-48B1-86CB-CF5EEAA72D98}.Debug|x64.ActiveCfg = Debug|Any CPU
		{A42C9F60-7A15-48B1-86CB-CF5EEAA72D98}.Debug|x64.Build.0 = Debug|Any CPU
		{A42C9F60-7A15-48B1-86CB-CF5EEAA72D98}.Debug|x86.ActiveCfg = Debug|Any CPU
		{A42C9F60-7A15-48B1-86CB-CF5EEAA72D98}.Debug|x86.Build.0 = Debug|Any CPU
		{A42C9F60-7A15-48B1-86CB-CF5EEAA72D98}.QueuedStats|Any CPU.ActiveCfg = Release|Any CPU
		{A42C9F60-7A15-48B1-86CB-CF5EEAA72D98}.QueuedStats|Any CPU.Build.0 = Release|Any CPU
		{A42C9F60-7A15-48B1-86CB-CF5EEAA72D98}.QueuedStats|x64.ActiveCfg = Release|Any CPU
		{A42C9F60-7A15-48B1-86CB-CF5EEAA72D98}.QueuedStats|x64.Build.0 = Release|Any CPU
		{A42C9F60-7A15-48B1-86CB-CF5EEAA72D98}.QueuedStats|x86.ActiveCfg = Release|Any CPU
		{A42C9F60-7A15-48B1-86CB-CF5EEAA72D98}.QueuedStats|x86.Build.0 = Release|Any CPU
		{A42C9F60-7A15-48B1-86CB-CF5EEAA72D98}.Release|Any CPU.ActiveCfg = Release|Any CPU
		{A42C9F60-7A15-48B1-86CB-CF5EEAA72D98}.Release|Any CPU.Build.0 = Release|Any CPU
		{A42C9F60-7A15-48B1-86CB-CF5EEAA72D98}.Release|x64.ActiveCfg = Release|Any CPU
		{A42C9F60-7A15-48B1-86CB-CF5EEAA72D98}.Release|x64.Build.0 = Release|Any CPU
		{A42C9F60-7A15-48B1-86CB-CF5EEAA72D98}.Release|x86.ActiveCfg = Release|Any CPU
		{A42C9F60-7A15-48B1-86CB-CF5EEAA72D98}.Release|x86.Build.0 = Release|Any CPU
	EndGlobalSection
	GlobalSection(SolutionProperties) = preSolution
		HideSolutionNode = FALSE
	EndGlobalSection
	GlobalSection(NestedProjects) = preSolution
		{6FF65CC6-62A0-48D5-B0E5-BEBB65FED795} = {183EBDB9-E9CF-485E-AD49-13C983F8F2BA}
		{3F2F7926-5D51-4880-A2B7-4594A10D7E54} = {6FF65CC6-62A0-48D5-B0E5-BEBB65FED795}
		{663B991F-32A1-46E1-A4D3-540F8EA7F386} = {6FF65CC6-62A0-48D5-B0E5-BEBB65FED795}
		{615EF202-3E13-4A15-A82F-594D90CD0ECD} = {6FF65CC6-62A0-48D5-B0E5-BEBB65FED795}
		{97DBFE4D-0DB1-43B3-AA35-067C06CF125B} = {6FF65CC6-62A0-48D5-B0E5-BEBB65FED795}
		{D0D1848A-9BAE-4121-89A0-66757D16BC73} = {6FF65CC6-62A0-48D5-B0E5-BEBB65FED795}
		{F4BEABA8-E56B-4201-99C8-5E0115E87D1C} = {6FF65CC6-62A0-48D5-B0E5-BEBB65FED795}
		{7DCC08EF-DC85-47A4-BD6F-79FC52C7EF13} = {6FF65CC6-62A0-48D5-B0E5-BEBB65FED795}
		{D3ADE06E-F493-4819-865A-3BB44FEEDF01} = {6FF65CC6-62A0-48D5-B0E5-BEBB65FED795}
		{F92D0E9C-5F19-4356-940A-83AC77925C47} = {6FF65CC6-62A0-48D5-B0E5-BEBB65FED795}
		{53A3CEAB-068E-45C2-AC43-ACBFD99AC92E} = {F92D0E9C-5F19-4356-940A-83AC77925C47}
		{F8759084-DF5B-4A54-B73C-824640A8FA3F} = {53A3CEAB-068E-45C2-AC43-ACBFD99AC92E}
		{7422AE58-8B0A-401C-9404-F4A438EFFE10} = {6FF65CC6-62A0-48D5-B0E5-BEBB65FED795}
		{79A11577-63EE-4EDB-BE45-A55ED912E089} = {6FF65CC6-62A0-48D5-B0E5-BEBB65FED795}
		{FA19FC4E-5FCB-4CF2-96F9-E09B5B9C9A50} = {05ECEEF3-E66E-4926-8387-7B3355C74C92}
		{C323E306-D11E-48A7-9620-121E4ADC4765} = {A4CF949F-0740-41FE-B7B7-212B1B4270A1}
		{A42C9F60-7A15-48B1-86CB-CF5EEAA72D98} = {5482B57C-D14A-4ED5-9F4E-441AFEF5AF33}
	EndGlobalSection
	GlobalSection(ExtensibilityGlobals) = postSolution
		SolutionGuid = {B8E5B268-7392-4BBE-9AD5-503C8D2911D1}
	EndGlobalSection
EndGlobal
